<?xml version="1.0" encoding="UTF-8" standalone="yes" ?>
<CodeBlocks_project_file>
	<FileVersion major="1" minor="6" />
	<Project>
		<Option title="netcalc" />
		<Option pch_mode="2" />
		<Option compiler="gcc" />
		<Build>
			<Target title="Debug">
				<Option output="../MinGW/bin/Debug/netcalc" prefix_auto="1" extension_auto="1" />
				<Option object_output="../MinGW/obj/Debug/" />
				<Option type="1" />
				<Option compiler="gcc" />
				<Compiler>
					<Add option="-Wall" />
					<Add option="-g" />
					<Add directory="../utils" />
					<Add directory="." />
					<Add directory=".." />
				</Compiler>
				<Linker>
					<Add library="..\MingW\bin\Debug\libipcalc.a" />
					<Add library="ws2_32" />
				</Linker>
			</Target>
			<Target title="Release">
				<Option output="../MinGW/bin/Release/netcalc" prefix_auto="1" extension_auto="1" />
				<Option object_output="../MinGW/obj/Release/" />
				<Option type="1" />
				<Option compiler="gcc" />
				<Compiler>
					<Add option="-O2" />
					<Add option="-Wall" />
				</Compiler>
				<Linker>
					<Add option="-s" />
					<Add library="..\MingW\bin\Debug\libipcalc.a" />
					<Add library="ws2_32" />
				</Linker>
			</Target>
		</Build>
		<Compiler>
			<Add option="-Wall" />
		</Compiler>
		<Unit filename="../utils/netcalc.c">
			<Option compilerVar="CC" />
		</Unit>
		<Unit filename="../utils/util.h" />
		<Extensions>
			<code_completion />
			<envvars />
			<debugger />
			<lib_finder disable_auto="1" />
			<editor_config active="1" use_tabs="1" tab_indents="1" tab_width="4" indent="4" eol_mode="2" />
		</Extensions>
	</Project>
</CodeBlocks_project_file>
