<?xml version="1.0" encoding="UTF-8" standalone="yes" ?>
<CodeBlocks_project_file>
	<FileVersion major="1" minor="6" />
	<Project>
		<Option title="library" />
		<Option pch_mode="2" />
		<Option compiler="gcc" />
		<Build>
			<Target title="Debug">
				<Option output="../MingW/bin/Debug/libipcalc" prefix_auto="1" extension_auto="1" />
				<Option object_output="../MingW/obj/Debug/" />
				<Option type="3" />
				<Option compiler="gcc" />
				<Option createDefFile="1" />
				<Option createStaticLib="1" />
				<Compiler>
					<Add option="-Wall" />
					<Add option="-DHAVE_DLL_EXPORT" />
					<Add option="-g" />
				</Compiler>
				<Linker>
					<Add library="user32" />
					<Add library="ws2_32" />
				</Linker>
			</Target>
			<Target title="Release">
				<Option output="../MingW/bin/Release/libipcalc" prefix_auto="1" extension_auto="1" />
				<Option object_output="../MingW/obj/Release/" />
				<Option type="3" />
				<Option compiler="gcc" />
				<Option createDefFile="1" />
				<Option createStaticLib="1" />
				<Compiler>
					<Add option="-Wall" />
					<Add option="-DHAVE_DLL_EXPORT" />
					<Add option="-O2" />
				</Compiler>
				<Linker>
					<Add option="-s" />
					<Add library="user32" />
					<Add library="ws2_32" />
				</Linker>
			</Target>
		</Build>
		<Unit filename="../ipcalc.c" />
		<Unit filename="../ipcalc.h" />
		<Unit filename="../common.h" />
		<Extensions>
			<code_completion />
			<envvars />
			<debugger />
			<lib_finder disable_auto="1" />
			<editor_config active="1" use_tabs="1" tab_indents="1" tab_width="4" indent="4" eol_mode="2" />
		</Extensions>
	</Project>
</CodeBlocks_project_file>
